
Microsoft Visual Studio Solution File, Format Version 12.00
# Visual Studio Version 17
VisualStudioVersion = 17.14.36915.13
MinimumVisualStudioVersion = 10.0.40219.1
Project("{FAE04EC0-301F-11D3-BF4B-00C04F79EFBC}") = "Polyclinic.Domain", "Polyclinic.Domain\Polyclinic.Domain.csproj", "{6C9C08E8-CE8E-422F-8BDC-E7B751E8E84A}"
EndProject
Project("{FAE04EC0-301F-11D3-BF4B-00C04F79EFBC}") = "Polyclinic.Tests", "Polyclinic.Tests\Polyclinic.Tests.csproj", "{0C24BBBB-C432-4776-9968-5DAD9432AB5A}"
EndProject
Project("{FAE04EC0-301F-11D3-BF4B-00C04F79EFBC}") = "Polyclinic.Infrastructure.EfCore", "Polyclinic.Infrastructure.EfCore\Polyclinic.Infrastructure.EfCore.csproj", "{33F86AF2-9AF7-425B-BA91-9CCF0FB7BBA5}"
EndProject
Project("{FAE04EC0-301F-11D3-BF4B-00C04F79EFBC}") = "Polyclinic.Application.Contracts", "Polyclinic.Application.Contracts\Polyclinic.Application.Contracts.csproj", "{BA50FC27-A077-4902-B5D4-EE6E5485F0A3}"
EndProject
Project("{FAE04EC0-301F-11D3-BF4B-00C04F79EFBC}") = "Polyclinic.Application", "Polyclinic.Application\Polyclinic.Application.csproj", "{7DA00279-0DD6-4DE2-8790-E24B87AFA619}"
EndProject
Project("{FAE04EC0-301F-11D3-BF4B-00C04F79EFBC}") = "Polyclinic.Api.Host", "Polyclinic.Api.Host\Polyclinic.Api.Host.csproj", "{D09E3941-0AB9-C8DB-7E7A-424732E05A20}"
EndProject
Project("{FAE04EC0-301F-11D3-BF4B-00C04F79EFBC}") = "Polyclinic.AppHost", "Polyclinic.AppHost\Polyclinic.AppHost.csproj", "{472D09AB-BC31-4355-967F-DE9994323957}"
EndProject
Project("{FAE04EC0-301F-11D3-BF4B-00C04F79EFBC}") = "Polyclinic.ServiceDefaults", "Polyclinic.ServiceDefaults\Polyclinic.ServiceDefaults.csproj", "{B3604DE1-E61C-254E-A2A2-7B3A153D5ED4}"
EndProject
Project("{FAE04EC0-301F-11D3-BF4B-00C04F79EFBC}") = "Polyclinic.Infrastructure.RabbitMq", "Polyclinic.Infrastructure.RabbitMq\Polyclinic.Infrastructure.RabbitMq.csproj", "{1DEF4446-AF07-4895-AEDE-4F5882D973FB}"
EndProject
Project("{FAE04EC0-301F-11D3-BF4B-00C04F79EFBC}") = "Polyclinic.Generator.RabbitMq.Host", "Polyclinic.Generator.RabbitMq.Host\Polyclinic.Generator.RabbitMq.Host.csproj", "{94FCD14B-F3F3-1B4A-2038-FCA0812FAE18}"
EndProject
Global
	GlobalSection(SolutionConfigurationPlatforms) = preSolution
		Debug|Any CPU = Debug|Any CPU
		Release|Any CPU = Release|Any CPU
	EndGlobalSection
	GlobalSection(ProjectConfigurationPlatforms) = postSolution
		{6C9C08E8-CE8E-422F-8BDC-E7B751E8E84A}.Debug|Any CPU.ActiveCfg = Debug|Any CPU
		{6C9C08E8-CE8E-422F-8BDC-E7B751E8E84A}.Debug|Any CPU.Build.0 = Debug|Any CPU
		{6C9C08E8-CE8E-422F-8BDC-E7B751E8E84A}.Release|Any CPU.ActiveCfg = Release|Any CPU
		{6C9C08E8-CE8E-422F-8BDC-E7B751E8E84A}.Release|Any CPU.Build.0 = Release|Any CPU
		{0C24BBBB-C432-4776-9968-5DAD9432AB5A}.Debug|Any CPU.ActiveCfg = Debug|Any CPU
		{0C24BBBB-C432-4776-9968-5DAD9432AB5A}.Debug|Any CPU.Build.0 = Debug|Any CPU
		{0C24BBBB-C432-4776-9968-5DAD9432AB5A}.Release|Any CPU.ActiveCfg = Release|Any CPU
		{0C24BBBB-C432-4776-9968-5DAD9432AB5A}.Release|Any CPU.Build.0 = Release|Any CPU
		{33F86AF2-9AF7-425B-BA91-9CCF0FB7BBA5}.Debug|Any CPU.ActiveCfg = Debug|Any CPU
		{33F86AF2-9AF7-425B-BA91-9CCF0FB7BBA5}.Debug|Any CPU.Build.0 = Debug|Any CPU
		{33F86AF2-9AF7-425B-BA91-9CCF0FB7BBA5}.Release|Any CPU.ActiveCfg = Release|Any CPU
		{33F86AF2-9AF7-425B-BA91-9CCF0FB7BBA5}.Release|Any CPU.Build.0 = Release|Any CPU
		{BA50FC27-A077-4902-B5D4-EE6E5485F0A3}.Debug|Any CPU.ActiveCfg = Debug|Any CPU
		{BA50FC27-A077-4902-B5D4-EE6E5485F0A3}.Debug|Any CPU.Build.0 = Debug|Any CPU
		{BA50FC27-A077-4902-B5D4-EE6E5485F0A3}.Release|Any CPU.ActiveCfg = Release|Any CPU
		{BA50FC27-A077-4902-B5D4-EE6E5485F0A3}.Release|Any CPU.Build.0 = Release|Any CPU
		{7DA00279-0DD6-4DE2-8790-E24B87AFA619}.Debug|Any CPU.ActiveCfg = Debug|Any CPU
		{7DA00279-0DD6-4DE2-8790-E24B87AFA619}.Debug|Any CPU.Build.0 = Debug|Any CPU
		{7DA00279-0DD6-4DE2-8790-E24B87AFA619}.Release|Any CPU.ActiveCfg = Release|Any CPU
		{7DA00279-0DD6-4DE2-8790-E24B87AFA619}.Release|Any CPU.Build.0 = Release|Any CPU
		{D09E3941-0AB9-C8DB-7E7A-424732E05A20}.Debug|Any CPU.ActiveCfg = Debug|Any CPU
		{D09E3941-0AB9-C8DB-7E7A-424732E05A20}.Debug|Any CPU.Build.0 = Debug|Any CPU
		{D09E3941-0AB9-C8DB-7E7A-424732E05A20}.Release|Any CPU.ActiveCfg = Release|Any CPU
		{D09E3941-0AB9-C8DB-7E7A-424732E05A20}.Release|Any CPU.Build.0 = Release|Any CPU
		{472D09AB-BC31-4355-967F-DE9994323957}.Debug|Any CPU.ActiveCfg = Debug|Any CPU
		{472D09AB-BC31-4355-967F-DE9994323957}.Debug|Any CPU.Build.0 = Debug|Any CPU
		{472D09AB-BC31-4355-967F-DE9994323957}.Release|Any CPU.ActiveCfg = Release|Any CPU
		{472D09AB-BC31-4355-967F-DE9994323957}.Release|Any CPU.Build.0 = Release|Any CPU
		{B3604DE1-E61C-254E-A2A2-7B3A153D5ED4}.Debug|Any CPU.ActiveCfg = Debug|Any CPU
		{B3604DE1-E61C-254E-A2A2-7B3A153D5ED4}.Debug|Any CPU.Build.0 = Debug|Any CPU
		{B3604DE1-E61C-254E-A2A2-7B3A153D5ED4}.Release|Any CPU.ActiveCfg = Release|Any CPU
		{B3604DE1-E61C-254E-A2A2-7B3A153D5ED4}.Release|Any CPU.Build.0 = Release|Any CPU
		{1DEF4446-AF07-4895-AEDE-4F5882D973FB}.Debug|Any CPU.ActiveCfg = Debug|Any CPU
		{1DEF4446-AF07-4895-AEDE-4F5882D973FB}.Debug|Any CPU.Build.0 = Debug|Any CPU
		{1DEF4446-AF07-4895-AEDE-4F5882D973FB}.Release|Any CPU.ActiveCfg = Release|Any CPU
		{1DEF4446-AF07-4895-AEDE-4F5882D973FB}.Release|Any CPU.Build.0 = Release|Any CPU
		{94FCD14B-F3F3-1B4A-2038-FCA0812FAE18}.Debug|Any CPU.ActiveCfg = Debug|Any CPU
		{94FCD14B-F3F3-1B4A-2038-FCA0812FAE18}.Debug|Any CPU.Build.0 = Debug|Any CPU
		{94FCD14B-F3F3-1B4A-2038-FCA0812FAE18}.Release|Any CPU.ActiveCfg = Release|Any CPU
		{94FCD14B-F3F3-1B4A-2038-FCA0812FAE18}.Release|Any CPU.Build.0 = Release|Any CPU
	EndGlobalSection
	GlobalSection(SolutionProperties) = preSolution
		HideSolutionNode = FALSE
	EndGlobalSection
	GlobalSection(ExtensibilityGlobals) = postSolution
		SolutionGuid = {1F0773E0-B943-4E7B-A2FB-1B30E6ADA139}
	EndGlobalSection
EndGlobal
